
Microsoft Visual Studio Solution File, Format Version 12.00
# Visual Studio Version 16
VisualStudioVersion = 16.0.30114.105
MinimumVisualStudioVersion = 10.0.40219.1
Project("{FAE04EC0-301F-11D3-BF4B-00C04F79EFBC}") = "StacksAndQueues", "StacksAndQueues\StacksAndQueues.csproj", "{DF751B04-6DBC-4517-A6F8-BD8B07EB1A8B}"
EndProject
Project("{FAE04EC0-301F-11D3-BF4B-00C04F79EFBC}") = "XUnitTestProject1", "XUnitTestProject1\XUnitTestProject1.csproj", "{AD32C27E-74A5-4A66-B9D8-266D3A79C1E5}"
EndProject
Global
	GlobalSection(SolutionConfigurationPlatforms) = preSolution
		Debug|Any CPU = Debug|Any CPU
		Release|Any CPU = Release|Any CPU
	EndGlobalSection
	GlobalSection(ProjectConfigurationPlatforms) = postSolution
		{DF751B04-6DBC-4517-A6F8-BD8B07EB1A8B}.Debug|Any CPU.ActiveCfg = Debug|Any CPU
		{DF751B04-6DBC-4517-A6F8-BD8B07EB1A8B}.Debug|Any CPU.Build.0 = Debug|Any CPU
		{DF751B04-6DBC-4517-A6F8-BD8B07EB1A8B}.Release|Any CPU.ActiveCfg = Release|Any CPU
		{DF751B04-6DBC-4517-A6F8-BD8B07EB1A8B}.Release|Any CPU.Build.0 = Release|Any CPU
		{AD32C27E-74A5-4A66-B9D8-266D3A79C1E5}.Debug|Any CPU.ActiveCfg = Debug|Any CPU
		{AD32C27E-74A5-4A66-B9D8-266D3A79C1E5}.Debug|Any CPU.Build.0 = Debug|Any CPU
		{AD32C27E-74A5-4A66-B9D8-266D3A79C1E5}.Release|Any CPU.ActiveCfg = Release|Any CPU
		{AD32C27E-74A5-4A66-B9D8-266D3A79C1E5}.Release|Any CPU.Build.0 = Release|Any CPU
	EndGlobalSection
	GlobalSection(SolutionProperties) = preSolution
		HideSolutionNode = FALSE
	EndGlobalSection
	GlobalSection(ExtensibilityGlobals) = postSolution
		SolutionGuid = {615FC458-ACB5-484D-A655-8F21096F32B1}
	EndGlobalSection
EndGlobal
