
Microsoft Visual Studio Solution File, Format Version 12.00
# Visual Studio Version 16
VisualStudioVersion = 16.0.30114.105
MinimumVisualStudioVersion = 10.0.40219.1
Project("{FAE04EC0-301F-11D3-BF4B-00C04F79EFBC}") = "DemoClass04", "DemoClass04\DemoClass04.csproj", "{EBDDEA65-6884-45DE-8C3F-F2000A4E5980}"
EndProject
Global
	GlobalSection(SolutionConfigurationPlatforms) = preSolution
		Debug|Any CPU = Debug|Any CPU
		Release|Any CPU = Release|Any CPU
	EndGlobalSection
	GlobalSection(ProjectConfigurationPlatforms) = postSolution
		{EBDDEA65-6884-45DE-8C3F-F2000A4E5980}.Debug|Any CPU.ActiveCfg = Debug|Any CPU
		{EBDDEA65-6884-45DE-8C3F-F2000A4E5980}.Debug|Any CPU.Build.0 = Debug|Any CPU
		{EBDDEA65-6884-45DE-8C3F-F2000A4E5980}.Release|Any CPU.ActiveCfg = Release|Any CPU
		{EBDDEA65-6884-45DE-8C3F-F2000A4E5980}.Release|Any CPU.Build.0 = Release|Any CPU
	EndGlobalSection
	GlobalSection(SolutionProperties) = preSolution
		HideSolutionNode = FALSE
	EndGlobalSection
	GlobalSection(ExtensibilityGlobals) = postSolution
		SolutionGuid = {2481A05B-8651-4E12-8DFA-AC2F85BCAF33}
	EndGlobalSection
EndGlobal
