
Microsoft Visual Studio Solution File, Format Version 12.00
# Visual Studio Version 16
VisualStudioVersion = 16.0.30114.105
MinimumVisualStudioVersion = 10.0.40219.1
Project("{FAE04EC0-301F-11D3-BF4B-00C04F79EFBC}") = "LLLibrary", "LLLibrary\LLLibrary.csproj", "{AC146933-8E48-41F7-9B12-5B88C57F99ED}"
EndProject
Project("{FAE04EC0-301F-11D3-BF4B-00C04F79EFBC}") = "LinkedListTests", "LinkedListTests\LinkedListTests.csproj", "{ABEFFA8F-DF4F-40CD-9C2B-D6C135C8DCF8}"
EndProject
Global
	GlobalSection(SolutionConfigurationPlatforms) = preSolution
		Debug|Any CPU = Debug|Any CPU
		Release|Any CPU = Release|Any CPU
	EndGlobalSection
	GlobalSection(ProjectConfigurationPlatforms) = postSolution
		{AC146933-8E48-41F7-9B12-5B88C57F99ED}.Debug|Any CPU.ActiveCfg = Debug|Any CPU
		{AC146933-8E48-41F7-9B12-5B88C57F99ED}.Debug|Any CPU.Build.0 = Debug|Any CPU
		{AC146933-8E48-41F7-9B12-5B88C57F99ED}.Release|Any CPU.ActiveCfg = Release|Any CPU
		{AC146933-8E48-41F7-9B12-5B88C57F99ED}.Release|Any CPU.Build.0 = Release|Any CPU
		{ABEFFA8F-DF4F-40CD-9C2B-D6C135C8DCF8}.Debug|Any CPU.ActiveCfg = Debug|Any CPU
		{ABEFFA8F-DF4F-40CD-9C2B-D6C135C8DCF8}.Debug|Any CPU.Build.0 = Debug|Any CPU
		{ABEFFA8F-DF4F-40CD-9C2B-D6C135C8DCF8}.Release|Any CPU.ActiveCfg = Release|Any CPU
		{ABEFFA8F-DF4F-40CD-9C2B-D6C135C8DCF8}.Release|Any CPU.Build.0 = Release|Any CPU
	EndGlobalSection
	GlobalSection(SolutionProperties) = preSolution
		HideSolutionNode = FALSE
	EndGlobalSection
	GlobalSection(ExtensibilityGlobals) = postSolution
		SolutionGuid = {0FC50901-9BA5-40B4-BAAC-D19897071832}
	EndGlobalSection
EndGlobal
