
Microsoft Visual Studio Solution File, Format Version 12.00
# Visual Studio Version 16
VisualStudioVersion = 16.0.30114.105
MinimumVisualStudioVersion = 10.0.40219.1
Project("{FAE04EC0-301F-11D3-BF4B-00C04F79EFBC}") = "Hashtable", "Hashtable\Hashtable.csproj", "{B08A098B-54CD-4B2D-A51E-E9177CAB3134}"
EndProject
Project("{FAE04EC0-301F-11D3-BF4B-00C04F79EFBC}") = "HashtableTests", "HashtableTests\HashtableTests.csproj", "{6E6A5400-7EF3-45AB-B669-188F0E5C4E92}"
EndProject
Global
	GlobalSection(SolutionConfigurationPlatforms) = preSolution
		Debug|Any CPU = Debug|Any CPU
		Release|Any CPU = Release|Any CPU
	EndGlobalSection
	GlobalSection(ProjectConfigurationPlatforms) = postSolution
		{B08A098B-54CD-4B2D-A51E-E9177CAB3134}.Debug|Any CPU.ActiveCfg = Debug|Any CPU
		{B08A098B-54CD-4B2D-A51E-E9177CAB3134}.Debug|Any CPU.Build.0 = Debug|Any CPU
		{B08A098B-54CD-4B2D-A51E-E9177CAB3134}.Release|Any CPU.ActiveCfg = Release|Any CPU
		{B08A098B-54CD-4B2D-A51E-E9177CAB3134}.Release|Any CPU.Build.0 = Release|Any CPU
		{6E6A5400-7EF3-45AB-B669-188F0E5C4E92}.Debug|Any CPU.ActiveCfg = Debug|Any CPU
		{6E6A5400-7EF3-45AB-B669-188F0E5C4E92}.Debug|Any CPU.Build.0 = Debug|Any CPU
		{6E6A5400-7EF3-45AB-B669-188F0E5C4E92}.Release|Any CPU.ActiveCfg = Release|Any CPU
		{6E6A5400-7EF3-45AB-B669-188F0E5C4E92}.Release|Any CPU.Build.0 = Release|Any CPU
	EndGlobalSection
	GlobalSection(SolutionProperties) = preSolution
		HideSolutionNode = FALSE
	EndGlobalSection
	GlobalSection(ExtensibilityGlobals) = postSolution
		SolutionGuid = {C4484826-484A-439D-9E89-9C374392FD28}
	EndGlobalSection
EndGlobal
