
Microsoft Visual Studio Solution File, Format Version 12.00
# Visual Studio Version 16
VisualStudioVersion = 16.0.30114.105
MinimumVisualStudioVersion = 10.0.40219.1
Project("{FAE04EC0-301F-11D3-BF4B-00C04F79EFBC}") = "Class03Demo", "Class03Demo\Class03Demo.csproj", "{625B54F7-9D6D-4846-BDB9-AF285109B500}"
EndProject
Global
	GlobalSection(SolutionConfigurationPlatforms) = preSolution
		Debug|Any CPU = Debug|Any CPU
		Release|Any CPU = Release|Any CPU
	EndGlobalSection
	GlobalSection(ProjectConfigurationPlatforms) = postSolution
		{625B54F7-9D6D-4846-BDB9-AF285109B500}.Debug|Any CPU.ActiveCfg = Debug|Any CPU
		{625B54F7-9D6D-4846-BDB9-AF285109B500}.Debug|Any CPU.Build.0 = Debug|Any CPU
		{625B54F7-9D6D-4846-BDB9-AF285109B500}.Release|Any CPU.ActiveCfg = Release|Any CPU
		{625B54F7-9D6D-4846-BDB9-AF285109B500}.Release|Any CPU.Build.0 = Release|Any CPU
	EndGlobalSection
	GlobalSection(SolutionProperties) = preSolution
		HideSolutionNode = FALSE
	EndGlobalSection
	GlobalSection(ExtensibilityGlobals) = postSolution
		SolutionGuid = {E22DB22F-9570-43BB-8C29-D4D77D38FEB7}
	EndGlobalSection
EndGlobal
